Microsoft Visual Studio Solution File, Format Version 12.00
# Visual Studio Version 17
VisualStudioVersion = 17.5.2.0
MinimumVisualStudioVersion = 10.0.40219.1
Project("{FAE04EC0-301F-11D3-BF4B-00C04F79EFBC}") = "w7", "w7.csproj", "{F9FF3D1B-714A-59A9-D9AD-C5AB712A532D}"
EndProject
Global
	GlobalSection(SolutionConfigurationPlatforms) = preSolution
		Debug|Any CPU = Debug|Any CPU
		Release|Any CPU = Release|Any CPU
	EndGlobalSection
	GlobalSection(ProjectConfigurationPlatforms) = postSolution
		{F9FF3D1B-714A-59A9-D9AD-C5AB712A532D}.Debug|Any CPU.ActiveCfg = Debug|Any CPU
		{F9FF3D1B-714A-59A9-D9AD-C5AB712A532D}.Debug|Any CPU.Build.0 = Debug|Any CPU
		{F9FF3D1B-714A-59A9-D9AD-C5AB712A532D}.Release|Any CPU.ActiveCfg = Release|Any CPU
		{F9FF3D1B-714A-59A9-D9AD-C5AB712A532D}.Release|Any CPU.Build.0 = Release|Any CPU
	EndGlobalSection
	GlobalSection(SolutionProperties) = preSolution
		HideSolutionNode = FALSE
	EndGlobalSection
	GlobalSection(ExtensibilityGlobals) = postSolution
		SolutionGuid = {EC498154-BEAB-453B-8DD4-B1EF68C0B247}
	EndGlobalSection
EndGlobal
